// !$*UTF8*$!
{
	archiveVersion = 1;
	classes = {
	};
	objectVersion = 46;
	objects = {

/* Begin PBXBuildFile section */
		D13022DA1BF715DE003582CD /* AppDelegate.swift in Sources */ = {isa = PBXBuildFile; fileRef = D13022D91BF715DE003582CD /* AppDelegate.swift */; };
		D13022DC1BF715DE003582CD /* ViewController.swift in Sources */ = {isa = PBXBuildFile; fileRef = D13022DB1BF715DE003582CD /* ViewController.swift */; };
		D13022DF1BF715DE003582CD /* Main.storyboard in Resources */ = {isa = PBXBuildFile; fileRef = D13022DD1BF715DE003582CD /* Main.storyboard */; };
		D13022E11BF715DE003582CD /* Images.xcassets in Resources */ = {isa = PBXBuildFile; fileRef = D13022E01BF715DE003582CD /* Images.xcassets */; };
		D13022E41BF715DE003582CD /* LaunchScreen.xib in Resources */ = {isa = PBXBuildFile; fileRef = D13022E21BF715DE003582CD /* LaunchScreen.xib */; };
		D13022F01BF715DE003582CD /* ________Tests.swift in Sources */ = {isa = PBXBuildFile; fileRef = D13022EF1BF715DE003582CD /* ________Tests.swift */; };
		D1DBE4D21C0AA65700DD55B6 /* SelectLevelViewController.swift in Sources */ = {isa = PBXBuildFile; fileRef = D1DBE4D11C0AA65700DD55B6 /* SelectLevelViewController.swift */; };
		D1DBE4D41C0AA67600DD55B6 /* GameViewController.swift in Sources */ = {isa = PBXBuildFile; fileRef = D1DBE4D31C0AA67600DD55B6 /* GameViewController.swift */; };
		D1E77DE21BF77DFB0021DFE8 /* 141519.png in Resources */ = {isa = PBXBuildFile; fileRef = D1E77DE01BF77DFB0021DFE8 /* 141519.png */; };
		D1E77DE31BF77DFB0021DFE8 /* 180453.png in Resources */ = {isa = PBXBuildFile; fileRef = D1E77DE11BF77DFB0021DFE8 /* 180453.png */; };
/* End PBXBuildFile section */

/* Begin PBXContainerItemProxy section */
		D13022EA1BF715DE003582CD /* PBXContainerItemProxy */ = {
			isa = PBXContainerItemProxy;
			containerPortal = D13022CC1BF715DE003582CD /* Project object */;
			proxyType = 1;
			remoteGlobalIDString = D13022D31BF715DE003582CD;
			remoteInfo = "早打ちガンマン";
		};
/* End PBXContainerItemProxy section */

/* Begin PBXFileReference section */
		D13022D41BF715DE003582CD /* 早打ちガンマン.app */ = {isa = PBXFileReference; explicitFileType = wrapper.application; includeInIndex = 0; path = "早打ちガンマン.app"; sourceTree = BUILT_PRODUCTS_DIR; };
		D13022D81BF715DE003582CD /* Info.plist */ = {isa = PBXFileReference; lastKnownFileType = text.plist.xml; path = Info.plist; sourceTree = "<group>"; };
		D13022D91BF715DE003582CD /* AppDelegate.swift */ = {isa = PBXFileReference; lastKnownFileType = sourcecode.swift; path = AppDelegate.swift; sourceTree = "<group>"; };
		D13022DB1BF715DE003582CD /* ViewController.swift */ = {isa = PBXFileReference; lastKnownFileType = sourcecode.swift; path = ViewController.swift; sourceTree = "<group>"; };
		D13022DE1BF715DE003582CD /* Base */ = {isa = PBXFileReference; lastKnownFileType = file.storyboard; name = Base; path = Base.lproj/Main.storyboard; sourceTree = "<group>"; };
		D13022E01BF715DE003582CD /* Images.xcassets */ = {isa = PBXFileReference; lastKnownFileType = folder.assetcatalog; path = Images.xcassets; sourceTree = "<group>"; };
		D13022E31BF715DE003582CD /* Base */ = {isa = PBXFileReference; lastKnownFileType = file.xib; name = Base; path = Base.lproj/LaunchScreen.xib; sourceTree = "<group>"; };
		D13022E91BF715DE003582CD /* 早打ちガンマンTests.xctest */ = {isa = PBXFileReference; explicitFileType = wrapper.cfbundle; includeInIndex = 0; path = "早打ちガンマンTests.xctest"; sourceTree = BUILT_PRODUCTS_DIR; };
		D13022EE1BF715DE003582CD /* Info.plist */ = {isa = PBXFileReference; lastKnownFileType = text.plist.xml; path = Info.plist; sourceTree = "<group>"; };
		D13022EF1BF715DE003582CD /* ________Tests.swift */ = {isa = PBXFileReference; lastKnownFileType = sourcecode.swift; path = "________Tests.swift"; sourceTree = "<group>"; };
		D1DBE4D11C0AA65700DD55B6 /* SelectLevelViewController.swift */ = {isa = PBXFileReference; fileEncoding = 4; lastKnownFileType = sourcecode.swift; name = SelectLevelViewController.swift; path = "ガンマン素材/SelectLevelViewController.swift"; sourceTree = "<group>"; };
		D1DBE4D31C0AA67600DD55B6 /* GameViewController.swift */ = {isa = PBXFileReference; fileEncoding = 4; lastKnownFileType = sourcecode.swift; path = GameViewController.swift; sourceTree = "<group>"; };
		D1E77DE01BF77DFB0021DFE8 /* 141519.png */ = {isa = PBXFileReference; lastKnownFileType = image.png; path = 141519.png; sourceTree = "<group>"; };
		D1E77DE11BF77DFB0021DFE8 /* 180453.png */ = {isa = PBXFileReference; lastKnownFileType = image.png; path = 180453.png; sourceTree = "<group>"; };
/* End PBXFileReference section */

/* Begin PBXFrameworksBuildPhase section */
		D13022D11BF715DE003582CD /* Frameworks */ = {
			isa = PBXFrameworksBuildPhase;
			buildActionMask = 2147483647;
			files = (
			);
			runOnlyForDeploymentPostprocessing = 0;
		};
		D13022E61BF715DE003582CD /* Frameworks */ = {
			isa = PBXFrameworksBuildPhase;
			buildActionMask = 2147483647;
			files = (
			);
			runOnlyForDeploymentPostprocessing = 0;
		};
/* End PBXFrameworksBuildPhase section */

/* Begin PBXGroup section */
		D13022CB1BF715DE003582CD = {
			isa = PBXGroup;
			children = (
				D13022D61BF715DE003582CD /* 早打ちガンマン */,
				D13022EC1BF715DE003582CD /* 早打ちガンマンTests */,
				D13022D51BF715DE003582CD /* Products */,
			);
			sourceTree = "<group>";
		};
		D13022D51BF715DE003582CD /* Products */ = {
			isa = PBXGroup;
			children = (
				D13022D41BF715DE003582CD /* 早打ちガンマン.app */,
				D13022E91BF715DE003582CD /* 早打ちガンマンTests.xctest */,
			);
			name = Products;
			sourceTree = "<group>";
		};
		D13022D61BF715DE003582CD /* 早打ちガンマン */ = {
			isa = PBXGroup;
			children = (
				D1E77DDF1BF77DFB0021DFE8 /* ガンマン素材 */,
				D13022D91BF715DE003582CD /* AppDelegate.swift */,
				D1DBE4D11C0AA65700DD55B6 /* SelectLevelViewController.swift */,
				D1DBE4D31C0AA67600DD55B6 /* GameViewController.swift */,
				D13022DB1BF715DE003582CD /* ViewController.swift */,
				D13022DD1BF715DE003582CD /* Main.storyboard */,
				D13022E01BF715DE003582CD /* Images.xcassets */,
				D13022E21BF715DE003582CD /* LaunchScreen.xib */,
				D13022D71BF715DE003582CD /* Supporting Files */,
			);
			path = "早打ちガンマン";
			sourceTree = "<group>";
		};
		D13022D71BF715DE003582CD /* Supporting Files */ = {
			isa = PBXGroup;
			children = (
				D13022D81BF715DE003582CD /* Info.plist */,
			);
			name = "Supporting Files";
			sourceTree = "<group>";
		};
		D13022EC1BF715DE003582CD /* 早打ちガンマンTests */ = {
			isa = PBXGroup;
			children = (
				D13022EF1BF715DE003582CD /* ________Tests.swift */,
				D13022ED1BF715DE003582CD /* Supporting Files */,
			);
			path = "早打ちガンマンTests";
			sourceTree = "<group>";
		};
		D13022ED1BF715DE003582CD /* Supporting Files */ = {
			isa = PBXGroup;
			children = (
				D13022EE1BF715DE003582CD /* Info.plist */,
			);
			name = "Supporting Files";
			sourceTree = "<group>";
		};
		D1E77DDF1BF77DFB0021DFE8 /* ガンマン素材 */ = {
			isa = PBXGroup;
			children = (
				D1E77DE01BF77DFB0021DFE8 /* 141519.png */,
				D1E77DE11BF77DFB0021DFE8 /* 180453.png */,
			);
			path = "ガンマン素材";
			sourceTree = "<group>";
		};
/* End PBXGroup section */

/* Begin PBXNativeTarget section */
		D13022D31BF715DE003582CD /* 早打ちガンマン */ = {
			isa = PBXNativeTarget;
			buildConfigurationList = D13022F31BF715DE003582CD /* Build configuration list for PBXNativeTarget "早打ちガンマン" */;
			buildPhases = (
				D13022D01BF715DE003582CD /* Sources */,
				D13022D11BF715DE003582CD /* Frameworks */,
				D13022D21BF715DE003582CD /* Resources */,
			);
			buildRules = (
			);
			dependencies = (
			);
			name = "早打ちガンマン";
			productName = "早打ちガンマン";
			productReference = D13022D41BF715DE003582CD /* 早打ちガンマン.app */;
			productType = "com.apple.product-type.application";
		};
		D13022E81BF715DE003582CD /* 早打ちガンマンTests */ = {
			isa = PBXNativeTarget;
			buildConfigurationList = D13022F61BF715DE003582CD /* Build configuration list for PBXNativeTarget "早打ちガンマンTests" */;
			buildPhases = (
				D13022E51BF715DE003582CD /* Sources */,
				D13022E61BF715DE003582CD /* Frameworks */,
				D13022E71BF715DE003582CD /* Resources */,
			);
			buildRules = (
			);
			dependencies = (
				D13022EB1BF715DE003582CD /* PBXTargetDependency */,
			);
			name = "早打ちガンマンTests";
			productName = "早打ちガンマンTests";
			productReference = D13022E91BF715DE003582CD /* 早打ちガンマンTests.xctest */;
			productType = "com.apple.product-type.bundle.unit-test";
		};
/* End PBXNativeTarget section */

/* Begin PBXProject section */
		D13022CC1BF715DE003582CD /* Project object */ = {
			isa = PBXProject;
			attributes = {
				LastUpgradeCheck = 0630;
				ORGANIZATIONNAME = "大田　雄翔";
				TargetAttributes = {
					D13022D31BF715DE003582CD = {
						CreatedOnToolsVersion = 6.3.2;
					};
					D13022E81BF715DE003582CD = {
						CreatedOnToolsVersion = 6.3.2;
						TestTargetID = D13022D31BF715DE003582CD;
					};
				};
			};
			buildConfigurationList = D13022CF1BF715DE003582CD /* Build configuration list for PBXProject "早打ちガンマン" */;
			compatibilityVersion = "Xcode 3.2";
			developmentRegion = English;
			hasScannedForEncodings = 0;
			knownRegions = (
				en,
				Base,
			);
			mainGroup = D13022CB1BF715DE003582CD;
			productRefGroup = D13022D51BF715DE003582CD /* Products */;
			projectDirPath = "";
			projectRoot = "";
			targets = (
				D13022D31BF715DE003582CD /* 早打ちガンマン */,
				D13022E81BF715DE003582CD /* 早打ちガンマンTests */,
			);
		};
/* End PBXProject section */

/* Begin PBXResourcesBuildPhase section */
		D13022D21BF715DE003582CD /* Resources */ = {
			isa = PBXResourcesBuildPhase;
			buildActionMask = 2147483647;
			files = (
				D13022DF1BF715DE003582CD /* Main.storyboard in Resources */,
				D13022E41BF715DE003582CD /* LaunchScreen.xib in Resources */,
				D1E77DE31BF77DFB0021DFE8 /* 180453.png in Resources */,
				D1E77DE21BF77DFB0021DFE8 /* 141519.png in Resources */,
				D13022E11BF715DE003582CD /* Images.xcassets in Resources */,
			);
			runOnlyForDeploymentPostprocessing = 0;
		};
		D13022E71BF715DE003582CD /* Resources */ = {
			isa = PBXResourcesBuildPhase;
			buildActionMask = 2147483647;
			files = (
			);
			runOnlyForDeploymentPostprocessing = 0;
		};
/* End PBXResourcesBuildPhase section */

/* Begin PBXSourcesBuildPhase section */
		D13022D01BF715DE003582CD /* Sources */ = {
			isa = PBXSourcesBuildPhase;
			buildActionMask = 2147483647;
			files = (
				D1DBE4D41C0AA67600DD55B6 /* GameViewController.swift in Sources */,
				D13022DC1BF715DE003582CD /* ViewController.swift in Sources */,
				D13022DA1BF715DE003582CD /* AppDelegate.swift in Sources */,
				D1DBE4D21C0AA65700DD55B6 /* SelectLevelViewController.swift in Sources */,
			);
			runOnlyForDeploymentPostprocessing = 0;
		};
		D13022E51BF715DE003582CD /* Sources */ = {
			isa = PBXSourcesBuildPhase;
			buildActionMask = 2147483647;
			files = (
				D13022F01BF715DE003582CD /* ________Tests.swift in Sources */,
			);
			runOnlyForDeploymentPostprocessing = 0;
		};
/* End PBXSourcesBuildPhase section */

/* Begin PBXTargetDependency section */
		D13022EB1BF715DE003582CD /* PBXTargetDependency */ = {
			isa = PBXTargetDependency;
			target = D13022D31BF715DE003582CD /* 早打ちガンマン */;
			targetProxy = D13022EA1BF715DE003582CD /* PBXContainerItemProxy */;
		};
/* End PBXTargetDependency section */

/* Begin PBXVariantGroup section */
		D13022DD1BF715DE003582CD /* Main.storyboard */ = {
			isa = PBXVariantGroup;
			children = (
				D13022DE1BF715DE003582CD /* Base */,
			);
			name = Main.storyboard;
			sourceTree = "<group>";
		};
		D13022E21BF715DE003582CD /* LaunchScreen.xib */ = {
			isa = PBXVariantGroup;
			children = (
				D13022E31BF715DE003582CD /* Base */,
			);
			name = LaunchScreen.xib;
			sourceTree = "<group>";
		};
/* End PBXVariantGroup section */

/* Begin XCBuildConfiguration section */
		D13022F11BF715DE003582CD /* Debug */ = {
			isa = XCBuildConfiguration;
			buildSettings = {
				ALWAYS_SEARCH_USER_PATHS = NO;
				CLANG_CXX_LANGUAGE_STANDARD = "gnu++0x";
				CLANG_CXX_LIBRARY = "libc++";
				CLANG_ENABLE_MODULES = YES;
				CLANG_ENABLE_OBJC_ARC = YES;
				CLANG_WARN_BOOL_CONVERSION = YES;
				CLANG_WARN_CONSTANT_CONVERSION = YES;
				CLANG_WARN_DIRECT_OBJC_ISA_USAGE = YES_ERROR;
				CLANG_WARN_EMPTY_BODY = YES;
				CLANG_WARN_ENUM_CONVERSION = YES;
				CLANG_WARN_INT_CONVERSION = YES;
				CLANG_WARN_OBJC_ROOT_CLASS = YES_ERROR;
				CLANG_WARN_UNREACHABLE_CODE = YES;
				CLANG_WARN__DUPLICATE_METHOD_MATCH = YES;
				"CODE_SIGN_IDENTITY[sdk=iphoneos*]" = "iPhone Developer";
				COPY_PHASE_STRIP = NO;
				DEBUG_INFORMATION_FORMAT = "dwarf-with-dsym";
				ENABLE_STRICT_OBJC_MSGSEND = YES;
				GCC_C_LANGUAGE_STANDARD = gnu99;
				GCC_DYNAMIC_NO_PIC = NO;
				GCC_NO_COMMON_BLOCKS = YES;
				GCC_OPTIMIZATION_LEVEL = 0;
				GCC_PREPROCESSOR_DEFINITIONS = (
					"DEBUG=1",
					"$(inherited)",
				);
				GCC_SYMBOLS_PRIVATE_EXTERN = NO;
				GCC_WARN_64_TO_32_BIT_CONVERSION = YES;
				GCC_WARN_ABOUT_RETURN_TYPE = YES_ERROR;
				GCC_WARN_UNDECLARED_SELECTOR = YES;
				GCC_WARN_UNINITIALIZED_AUTOS = YES_AGGRESSIVE;
				GCC_WARN_UNUSED_FUNCTION = YES;
				GCC_WARN_UNUSED_VARIABLE = YES;
				IPHONEOS_DEPLOYMENT_TARGET = 8.3;
				MTL_ENABLE_DEBUG_INFO = YES;
				ONLY_ACTIVE_ARCH = YES;
				SDKROOT = iphoneos;
				SWIFT_OPTIMIZATION_LEVEL = "-Onone";
			};
			name = Debug;
		};
		D13022F21BF715DE003582CD /* Release */ = {
			isa = XCBuildConfiguration;
			buildSettings = {
				ALWAYS_SEARCH_USER_PATHS = NO;
				CLANG_CXX_LANGUAGE_STANDARD = "gnu++0x";
				CLANG_CXX_LIBRARY = "libc++";
				CLANG_ENABLE_MODULES = YES;
				CLANG_ENABLE_OBJC_ARC = YES;
				CLANG_WARN_BOOL_CONVERSION = YES;
				CLANG_WARN_CONSTANT_CONVERSION = YES;
				CLANG_WARN_DIRECT_OBJC_ISA_USAGE = YES_ERROR;
				CLANG_WARN_EMPTY_BODY = YES;
				CLANG_WARN_ENUM_CONVERSION = YES;
				CLANG_WARN_INT_CONVERSION = YES;
				CLANG_WARN_OBJC_ROOT_CLASS = YES_ERROR;
				CLANG_WARN_UNREACHABLE_CODE = YES;
				CLANG_WARN__DUPLICATE_METHOD_MATCH = YES;
				"CODE_SIGN_IDENTITY[sdk=iphoneos*]" = "iPhone Developer";
				COPY_PHASE_STRIP = NO;
				DEBUG_INFORMATION_FORMAT = "dwarf-with-dsym";
				ENABLE_NS_ASSERTIONS = NO;
				ENABLE_STRICT_OBJC_MSGSEND = YES;
				GCC_C_LANGUAGE_STANDARD = gnu99;
				GCC_NO_COMMON_BLOCKS = YES;
				GCC_WARN_64_TO_32_BIT_CONVERSION = YES;
				GCC_WARN_ABOUT_RETURN_TYPE = YES_ERROR;
				GCC_WARN_UNDECLARED_SELECTOR = YES;
				GCC_WARN_UNINITIALIZED_AUTOS = YES_AGGRESSIVE;
				GCC_WARN_UNUSED_FUNCTION = YES;
				GCC_WARN_UNUSED_VARIABLE = YES;
				IPHONEOS_DEPLOYMENT_TARGET = 8.3;
				MTL_ENABLE_DEBUG_INFO = NO;
				SDKROOT = iphoneos;
				VALIDATE_PRODUCT = YES;
			};
			name = Release;
		};
		D13022F41BF715DE003582CD /* Debug */ = {
			isa = XCBuildConfiguration;
			buildSettings = {
				ASSETCATALOG_COMPILER_APPICON_NAME = AppIcon;
				INFOPLIST_FILE = "早打ちガンマン/Info.plist";
				LD_RUNPATH_SEARCH_PATHS = "$(inherited) @executable_path/Frameworks";
				PRODUCT_NAME = "$(TARGET_NAME)";
			};
			name = Debug;
		};
		D13022F51BF715DE003582CD /* Release */ = {
			isa = XCBuildConfiguration;
			buildSettings = {
				ASSETCATALOG_COMPILER_APPICON_NAME = AppIcon;
				INFOPLIST_FILE = "早打ちガンマン/Info.plist";
				LD_RUNPATH_SEARCH_PATHS = "$(inherited) @executable_path/Frameworks";
				PRODUCT_NAME = "$(TARGET_NAME)";
			};
			name = Release;
		};
		D13022F71BF715DE003582CD /* Debug */ = {
			isa = XCBuildConfiguration;
			buildSettings = {
				BUNDLE_LOADER = "$(TEST_HOST)";
				FRAMEWORK_SEARCH_PATHS = (
					"$(SDKROOT)/Developer/Library/Frameworks",
					"$(inherited)",
				);
				GCC_PREPROCESSOR_DEFINITIONS = (
					"DEBUG=1",
					"$(inherited)",
				);
				INFOPLIST_FILE = "早打ちガンマンTests/Info.plist";
				LD_RUNPATH_SEARCH_PATHS = "$(inherited) @executable_path/Frameworks @loader_path/Frameworks";
				PRODUCT_NAME = "$(TARGET_NAME)";
				TEST_HOST = "$(BUILT_PRODUCTS_DIR)/早打ちガンマン.app/早打ちガンマン";
			};
			name = Debug;
		};
		D13022F81BF715DE003582CD /* Release */ = {
			isa = XCBuildConfiguration;
			buildSettings = {
				BUNDLE_LOADER = "$(TEST_HOST)";
				FRAMEWORK_SEARCH_PATHS = (
					"$(SDKROOT)/Developer/Library/Frameworks",
					"$(inherited)",
				);
				INFOPLIST_FILE = "早打ちガンマンTests/Info.plist";
				LD_RUNPATH_SEARCH_PATHS = "$(inherited) @executable_path/Frameworks @loader_path/Frameworks";
				PRODUCT_NAME = "$(TARGET_NAME)";
				TEST_HOST = "$(BUILT_PRODUCTS_DIR)/早打ちガンマン.app/早打ちガンマン";
			};
			name = Release;
		};
/* End XCBuildConfiguration section */

/* Begin XCConfigurationList section */
		D13022CF1BF715DE003582CD /* Build configuration list for PBXProject "早打ちガンマン" */ = {
			isa = XCConfigurationList;
			buildConfigurations = (
				D13022F11BF715DE003582CD /* Debug */,
				D13022F21BF715DE003582CD /* Release */,
			);
			defaultConfigurationIsVisible = 0;
			defaultConfigurationName = Release;
		};
		D13022F31BF715DE003582CD /* Build configuration list for PBXNativeTarget "早打ちガンマン" */ = {
			isa = XCConfigurationList;
			buildConfigurations = (
				D13022F41BF715DE003582CD /* Debug */,
				D13022F51BF715DE003582CD /* Release */,
			);
			defaultConfigurationIsVisible = 0;
			defaultConfigurationName = Release;
		};
		D13022F61BF715DE003582CD /* Build configuration list for PBXNativeTarget "早打ちガンマンTests" */ = {
			isa = XCConfigurationList;
			buildConfigurations = (
				D13022F71BF715DE003582CD /* Debug */,
				D13022F81BF715DE003582CD /* Release */,
			);
			defaultConfigurationIsVisible = 0;
			defaultConfigurationName = Release;
		};
/* End XCConfigurationList section */
	};
	rootObject = D13022CC1BF715DE003582CD /* Project object */;
}
